// !$*UTF8*$!
{
	archiveVersion = 1;
	classes = {
	};
	objectVersion = 46;
	objects = {

/* Begin PBXBuildFile section */
		951CA5FD1F2686DC002DF394 /* AppDelegate.swift in Sources */ = {isa = PBXBuildFile; fileRef = 951CA5FC1F2686DC002DF394 /* AppDelegate.swift */; };
		951CA6021F2686DC002DF394 /* Main.storyboard in Resources */ = {isa = PBXBuildFile; fileRef = 951CA6001F2686DC002DF394 /* Main.storyboard */; };
		951CA6041F2686DC002DF394 /* Assets.xcassets in Resources */ = {isa = PBXBuildFile; fileRef = 951CA6031F2686DC002DF394 /* Assets.xcassets */; };
		951CA6071F2686DC002DF394 /* LaunchScreen.storyboard in Resources */ = {isa = PBXBuildFile; fileRef = 951CA6051F2686DC002DF394 /* LaunchScreen.storyboard */; };
		95D620291F279CFD00945B59 /* LPMovie.m in Sources */ = {isa = PBXBuildFile; fileRef = 95D620281F279CFD00945B59 /* LPMovie.m */; };
		95D6202D1F27A83B00945B59 /* LPMovieController.m in Sources */ = {isa = PBXBuildFile; fileRef = 95D6202C1F27A83B00945B59 /* LPMovieController.m */; };
		95D620301F27BDE500945B59 /* MovieTableViewCell.swift in Sources */ = {isa = PBXBuildFile; fileRef = 95D6202F1F27BDE500945B59 /* MovieTableViewCell.swift */; };
		95D620351F27C5D500945B59 /* MovieTableViewController.swift in Sources */ = {isa = PBXBuildFile; fileRef = 95D620341F27C5D500945B59 /* MovieTableViewController.swift */; };
/* End PBXBuildFile section */

/* Begin PBXFileReference section */
		951CA5F91F2686DC002DF394 /* MovieSearch-Obj-C.app */ = {isa = PBXFileReference; explicitFileType = wrapper.application; includeInIndex = 0; path = "MovieSearch-Obj-C.app"; sourceTree = BUILT_PRODUCTS_DIR; };
		951CA5FC1F2686DC002DF394 /* AppDelegate.swift */ = {isa = PBXFileReference; lastKnownFileType = sourcecode.swift; path = AppDelegate.swift; sourceTree = "<group>"; };
		951CA6011F2686DC002DF394 /* Base */ = {isa = PBXFileReference; lastKnownFileType = file.storyboard; name = Base; path = Base.lproj/Main.storyboard; sourceTree = "<group>"; };
		951CA6031F2686DC002DF394 /* Assets.xcassets */ = {isa = PBXFileReference; lastKnownFileType = folder.assetcatalog; path = Assets.xcassets; sourceTree = "<group>"; };
		951CA6061F2686DC002DF394 /* Base */ = {isa = PBXFileReference; lastKnownFileType = file.storyboard; name = Base; path = Base.lproj/LaunchScreen.storyboard; sourceTree = "<group>"; };
		951CA6081F2686DC002DF394 /* Info.plist */ = {isa = PBXFileReference; lastKnownFileType = text.plist.xml; path = Info.plist; sourceTree = "<group>"; };
		95D620271F279CFD00945B59 /* LPMovie.h */ = {isa = PBXFileReference; fileEncoding = 4; lastKnownFileType = sourcecode.c.h; path = LPMovie.h; sourceTree = "<group>"; };
		95D620281F279CFD00945B59 /* LPMovie.m */ = {isa = PBXFileReference; fileEncoding = 4; lastKnownFileType = sourcecode.c.objc; path = LPMovie.m; sourceTree = "<group>"; };
		95D6202B1F27A83B00945B59 /* LPMovieController.h */ = {isa = PBXFileReference; fileEncoding = 4; lastKnownFileType = sourcecode.c.h; path = LPMovieController.h; sourceTree = "<group>"; };
		95D6202C1F27A83B00945B59 /* LPMovieController.m */ = {isa = PBXFileReference; fileEncoding = 4; lastKnownFileType = sourcecode.c.objc; path = LPMovieController.m; sourceTree = "<group>"; };
		95D6202F1F27BDE500945B59 /* MovieTableViewCell.swift */ = {isa = PBXFileReference; fileEncoding = 4; lastKnownFileType = sourcecode.swift; path = MovieTableViewCell.swift; sourceTree = "<group>"; };
		95D620331F27C3C500945B59 /* MovieSearch-Obj-C-Bridging-Header.h */ = {isa = PBXFileReference; lastKnownFileType = sourcecode.c.h; path = "MovieSearch-Obj-C-Bridging-Header.h"; sourceTree = "<group>"; };
		95D620341F27C5D500945B59 /* MovieTableViewController.swift */ = {isa = PBXFileReference; fileEncoding = 4; lastKnownFileType = sourcecode.swift; path = MovieTableViewController.swift; sourceTree = "<group>"; };
/* End PBXFileReference section */

/* Begin PBXFrameworksBuildPhase section */
		951CA5F61F2686DC002DF394 /* Frameworks */ = {
			isa = PBXFrameworksBuildPhase;
			buildActionMask = 2147483647;
			files = (
			);
			runOnlyForDeploymentPostprocessing = 0;
		};
/* End PBXFrameworksBuildPhase section */

/* Begin PBXGroup section */
		951CA5F01F2686DC002DF394 = {
			isa = PBXGroup;
			children = (
				951CA5FB1F2686DC002DF394 /* MovieSearch-Obj-C */,
				951CA5FA1F2686DC002DF394 /* Products */,
			);
			sourceTree = "<group>";
		};
		951CA5FA1F2686DC002DF394 /* Products */ = {
			isa = PBXGroup;
			children = (
				951CA5F91F2686DC002DF394 /* MovieSearch-Obj-C.app */,
			);
			name = Products;
			sourceTree = "<group>";
		};
		951CA5FB1F2686DC002DF394 /* MovieSearch-Obj-C */ = {
			isa = PBXGroup;
			children = (
				951CA6001F2686DC002DF394 /* Main.storyboard */,
				95D620361F27C62700945B59 /* ViewController */,
				95D6202E1F27B9FF00945B59 /* ModelController */,
				95D6202A1F279D1200945B59 /* Models */,
				95D620311F27BDEE00945B59 /* Views */,
				951CA60E1F2686E8002DF394 /* Resources */,
			);
			path = "MovieSearch-Obj-C";
			sourceTree = "<group>";
		};
		951CA60E1F2686E8002DF394 /* Resources */ = {
			isa = PBXGroup;
			children = (
				951CA5FC1F2686DC002DF394 /* AppDelegate.swift */,
				95D620331F27C3C500945B59 /* MovieSearch-Obj-C-Bridging-Header.h */,
				951CA6031F2686DC002DF394 /* Assets.xcassets */,
				951CA6051F2686DC002DF394 /* LaunchScreen.storyboard */,
				951CA6081F2686DC002DF394 /* Info.plist */,
			);
			name = Resources;
			sourceTree = "<group>";
		};
		95D6202A1F279D1200945B59 /* Models */ = {
			isa = PBXGroup;
			children = (
				95D620271F279CFD00945B59 /* LPMovie.h */,
				95D620281F279CFD00945B59 /* LPMovie.m */,
			);
			name = Models;
			sourceTree = "<group>";
		};
		95D6202E1F27B9FF00945B59 /* ModelController */ = {
			isa = PBXGroup;
			children = (
				95D6202B1F27A83B00945B59 /* LPMovieController.h */,
				95D6202C1F27A83B00945B59 /* LPMovieController.m */,
			);
			name = ModelController;
			sourceTree = "<group>";
		};
		95D620311F27BDEE00945B59 /* Views */ = {
			isa = PBXGroup;
			children = (
				95D6202F1F27BDE500945B59 /* MovieTableViewCell.swift */,
			);
			name = Views;
			sourceTree = "<group>";
		};
		95D620361F27C62700945B59 /* ViewController */ = {
			isa = PBXGroup;
			children = (
				95D620341F27C5D500945B59 /* MovieTableViewController.swift */,
			);
			name = ViewController;
			sourceTree = "<group>";
		};
/* End PBXGroup section */

/* Begin PBXNativeTarget section */
		951CA5F81F2686DC002DF394 /* MovieSearch-Obj-C */ = {
			isa = PBXNativeTarget;
			buildConfigurationList = 951CA60B1F2686DC002DF394 /* Build configuration list for PBXNativeTarget "MovieSearch-Obj-C" */;
			buildPhases = (
				951CA5F51F2686DC002DF394 /* Sources */,
				951CA5F61F2686DC002DF394 /* Frameworks */,
				951CA5F71F2686DC002DF394 /* Resources */,
			);
			buildRules = (
			);
			dependencies = (
			);
			name = "MovieSearch-Obj-C";
			productName = "MovieSearch-Obj-C";
			productReference = 951CA5F91F2686DC002DF394 /* MovieSearch-Obj-C.app */;
			productType = "com.apple.product-type.application";
		};
/* End PBXNativeTarget section */

/* Begin PBXProject section */
		951CA5F11F2686DC002DF394 /* Project object */ = {
			isa = PBXProject;
			attributes = {
				LastSwiftUpdateCheck = 0830;
				LastUpgradeCheck = 0830;
				ORGANIZATIONNAME = LuisPuentes;
				TargetAttributes = {
					951CA5F81F2686DC002DF394 = {
						CreatedOnToolsVersion = 8.3.3;
						DevelopmentTeam = H9L7P6ZCN6;
						LastSwiftMigration = 0830;
						ProvisioningStyle = Automatic;
					};
				};
			};
			buildConfigurationList = 951CA5F41F2686DC002DF394 /* Build configuration list for PBXProject "MovieSearch-Obj-C" */;
			compatibilityVersion = "Xcode 3.2";
			developmentRegion = English;
			hasScannedForEncodings = 0;
			knownRegions = (
				en,
				Base,
			);
			mainGroup = 951CA5F01F2686DC002DF394;
			productRefGroup = 951CA5FA1F2686DC002DF394 /* Products */;
			projectDirPath = "";
			projectRoot = "";
			targets = (
				951CA5F81F2686DC002DF394 /* MovieSearch-Obj-C */,
			);
		};
/* End PBXProject section */

/* Begin PBXResourcesBuildPhase section */
		951CA5F71F2686DC002DF394 /* Resources */ = {
			isa = PBXResourcesBuildPhase;
			buildActionMask = 2147483647;
			files = (
				951CA6071F2686DC002DF394 /* LaunchScreen.storyboard in Resources */,
				951CA6041F2686DC002DF394 /* Assets.xcassets in Resources */,
				951CA6021F2686DC002DF394 /* Main.storyboard in Resources */,
			);
			runOnlyForDeploymentPostprocessing = 0;
		};
/* End PBXResourcesBuildPhase section */

/* Begin PBXSourcesBuildPhase section */
		951CA5F51F2686DC002DF394 /* Sources */ = {
			isa = PBXSourcesBuildPhase;
			buildActionMask = 2147483647;
			files = (
				95D620351F27C5D500945B59 /* MovieTableViewController.swift in Sources */,
				95D620291F279CFD00945B59 /* LPMovie.m in Sources */,
				951CA5FD1F2686DC002DF394 /* AppDelegate.swift in Sources */,
				95D620301F27BDE500945B59 /* MovieTableViewCell.swift in Sources */,
				95D6202D1F27A83B00945B59 /* LPMovieController.m in Sources */,
			);
			runOnlyForDeploymentPostprocessing = 0;
		};
/* End PBXSourcesBuildPhase section */

/* Begin PBXVariantGroup section */
		951CA6001F2686DC002DF394 /* Main.storyboard */ = {
			isa = PBXVariantGroup;
			children = (
				951CA6011F2686DC002DF394 /* Base */,
			);
			name = Main.storyboard;
			sourceTree = "<group>";
		};
		951CA6051F2686DC002DF394 /* LaunchScreen.storyboard */ = {
			isa = PBXVariantGroup;
			children = (
				951CA6061F2686DC002DF394 /* Base */,
			);
			name = LaunchScreen.storyboard;
			sourceTree = "<group>";
		};
/* End PBXVariantGroup section */

/* Begin XCBuildConfiguration section */
		951CA6091F2686DC002DF394 /* Debug */ = {
			isa = XCBuildConfiguration;
			buildSettings = {
				ALWAYS_SEARCH_USER_PATHS = NO;
				CLANG_ANALYZER_NONNULL = YES;
				CLANG_ANALYZER_NUMBER_OBJECT_CONVERSION = YES_AGGRESSIVE;
				CLANG_CXX_LANGUAGE_STANDARD = "gnu++0x";
				CLANG_CXX_LIBRARY = "libc++";
				CLANG_ENABLE_MODULES = YES;
				CLANG_ENABLE_OBJC_ARC = YES;
				CLANG_WARN_BOOL_CONVERSION = YES;
				CLANG_WARN_CONSTANT_CONVERSION = YES;
				CLANG_WARN_DIRECT_OBJC_ISA_USAGE = YES_ERROR;
				CLANG_WARN_DOCUMENTATION_COMMENTS = YES;
				CLANG_WARN_EMPTY_BODY = YES;
				CLANG_WARN_ENUM_CONVERSION = YES;
				CLANG_WARN_INFINITE_RECURSION = YES;
				CLANG_WARN_INT_CONVERSION = YES;
				CLANG_WARN_OBJC_ROOT_CLASS = YES_ERROR;
				CLANG_WARN_SUSPICIOUS_MOVE = YES;
				CLANG_WARN_UNREACHABLE_CODE = YES;
				CLANG_WARN__DUPLICATE_METHOD_MATCH = YES;
				"CODE_SIGN_IDENTITY[sdk=iphoneos*]" = "iPhone Developer";
				COPY_PHASE_STRIP = NO;
				DEBUG_INFORMATION_FORMAT = dwarf;
				ENABLE_STRICT_OBJC_MSGSEND = YES;
				ENABLE_TESTABILITY = YES;
				GCC_C_LANGUAGE_STANDARD = gnu99;
				GCC_DYNAMIC_NO_PIC = NO;
				GCC_NO_COMMON_BLOCKS = YES;
				GCC_OPTIMIZATION_LEVEL = 0;
				GCC_PREPROCESSOR_DEFINITIONS = (
					"DEBUG=1",
					"$(inherited)",
				);
				GCC_WARN_64_TO_32_BIT_CONVERSION = YES;
				GCC_WARN_ABOUT_RETURN_TYPE = YES_ERROR;
				GCC_WARN_UNDECLARED_SELECTOR = YES;
				GCC_WARN_UNINITIALIZED_AUTOS = YES_AGGRESSIVE;
				GCC_WARN_UNUSED_FUNCTION = YES;
				GCC_WARN_UNUSED_VARIABLE = YES;
				IPHONEOS_DEPLOYMENT_TARGET = 10.3;
				MTL_ENABLE_DEBUG_INFO = YES;
				ONLY_ACTIVE_ARCH = YES;
				SDKROOT = iphoneos;
				SWIFT_ACTIVE_COMPILATION_CONDITIONS = DEBUG;
				SWIFT_OPTIMIZATION_LEVEL = "-Onone";
				TARGETED_DEVICE_FAMILY = "1,2";
			};
			name = Debug;
		};
		951CA60A1F2686DC002DF394 /* Release */ = {
			isa = XCBuildConfiguration;
			buildSettings = {
				ALWAYS_SEARCH_USER_PATHS = NO;
				CLANG_ANALYZER_NONNULL = YES;
				CLANG_ANALYZER_NUMBER_OBJECT_CONVERSION = YES_AGGRESSIVE;
				CLANG_CXX_LANGUAGE_STANDARD = "gnu++0x";
				CLANG_CXX_LIBRARY = "libc++";
				CLANG_ENABLE_MODULES = YES;
				CLANG_ENABLE_OBJC_ARC = YES;
				CLANG_WARN_BOOL_CONVERSION = YES;
				CLANG_WARN_CONSTANT_CONVERSION = YES;
				CLANG_WARN_DIRECT_OBJC_ISA_USAGE = YES_ERROR;
				CLANG_WARN_DOCUMENTATION_COMMENTS = YES;
				CLANG_WARN_EMPTY_BODY = YES;
				CLANG_WARN_ENUM_CONVERSION = YES;
				CLANG_WARN_INFINITE_RECURSION = YES;
				CLANG_WARN_INT_CONVERSION = YES;
				CLANG_WARN_OBJC_ROOT_CLASS = YES_ERROR;
				CLANG_WARN_SUSPICIOUS_MOVE = YES;
				CLANG_WARN_UNREACHABLE_CODE = YES;
				CLANG_WARN__DUPLICATE_METHOD_MATCH = YES;
				"CODE_SIGN_IDENTITY[sdk=iphoneos*]" = "iPhone Developer";
				COPY_PHASE_STRIP = NO;
				DEBUG_INFORMATION_FORMAT = "dwarf-with-dsym";
				ENABLE_NS_ASSERTIONS = NO;
				ENABLE_STRICT_OBJC_MSGSEND = YES;
				GCC_C_LANGUAGE_STANDARD = gnu99;
				GCC_NO_COMMON_BLOCKS = YES;
				GCC_WARN_64_TO_32_BIT_CONVERSION = YES;
				GCC_WARN_ABOUT_RETURN_TYPE = YES_ERROR;
				GCC_WARN_UNDECLARED_SELECTOR = YES;
				GCC_WARN_UNINITIALIZED_AUTOS = YES_AGGRESSIVE;
				GCC_WARN_UNUSED_FUNCTION = YES;
				GCC_WARN_UNUSED_VARIABLE = YES;
				IPHONEOS_DEPLOYMENT_TARGET = 10.3;
				MTL_ENABLE_DEBUG_INFO = NO;
				SDKROOT = iphoneos;
				SWIFT_OPTIMIZATION_LEVEL = "-Owholemodule";
				TARGETED_DEVICE_FAMILY = "1,2";
				VALIDATE_PRODUCT = YES;
			};
			name = Release;
		};
		951CA60C1F2686DC002DF394 /* Debug */ = {
			isa = XCBuildConfiguration;
			buildSettings = {
				ASSETCATALOG_COMPILER_APPICON_NAME = AppIcon;
				CLANG_ENABLE_MODULES = YES;
				DEVELOPMENT_TEAM = H9L7P6ZCN6;
				INFOPLIST_FILE = "MovieSearch-Obj-C/Info.plist";
				LD_RUNPATH_SEARCH_PATHS = "$(inherited) @executable_path/Frameworks";
				PRODUCT_BUNDLE_IDENTIFIER = "com.MovieSearch-Obj-C";
				PRODUCT_NAME = "$(TARGET_NAME)";
				SWIFT_OBJC_BRIDGING_HEADER = "MovieSearch-Obj-C/MovieSearch-Obj-C-Bridging-Header.h";
				SWIFT_OPTIMIZATION_LEVEL = "-Onone";
				SWIFT_VERSION = 3.0;
			};
			name = Debug;
		};
		951CA60D1F2686DC002DF394 /* Release */ = {
			isa = XCBuildConfiguration;
			buildSettings = {
				ASSETCATALOG_COMPILER_APPICON_NAME = AppIcon;
				CLANG_ENABLE_MODULES = YES;
				DEVELOPMENT_TEAM = H9L7P6ZCN6;
				INFOPLIST_FILE = "MovieSearch-Obj-C/Info.plist";
				LD_RUNPATH_SEARCH_PATHS = "$(inherited) @executable_path/Frameworks";
				PRODUCT_BUNDLE_IDENTIFIER = "com.MovieSearch-Obj-C";
				PRODUCT_NAME = "$(TARGET_NAME)";
				SWIFT_OBJC_BRIDGING_HEADER = "MovieSearch-Obj-C/MovieSearch-Obj-C-Bridging-Header.h";
				SWIFT_VERSION = 3.0;
			};
			name = Release;
		};
/* End XCBuildConfiguration section */

/* Begin XCConfigurationList section */
		951CA5F41F2686DC002DF394 /* Build configuration list for PBXProject "MovieSearch-Obj-C" */ = {
			isa = XCConfigurationList;
			buildConfigurations = (
				951CA6091F2686DC002DF394 /* Debug */,
				951CA60A1F2686DC002DF394 /* Release */,
			);
			defaultConfigurationIsVisible = 0;
			defaultConfigurationName = Release;
		};
		951CA60B1F2686DC002DF394 /* Build configuration list for PBXNativeTarget "MovieSearch-Obj-C" */ = {
			isa = XCConfigurationList;
			buildConfigurations = (
				951CA60C1F2686DC002DF394 /* Debug */,
				951CA60D1F2686DC002DF394 /* Release */,
			);
			defaultConfigurationIsVisible = 0;
			defaultConfigurationName = Release;
		};
/* End XCConfigurationList section */
	};
	rootObject = 951CA5F11F2686DC002DF394 /* Project object */;
}
